
Microsoft Visual Studio Solution File, Format Version 12.00
# Visual Studio 2013
VisualStudioVersion = 12.0.30501.0
MinimumVisualStudioVersion = 10.0.40219.1
Project("{FAE04EC0-301F-11D3-BF4B-00C04F79EFBC}") = "Workshop", "Workshop\Workshop.csproj", "{27176263-10A6-4D77-9084-B7E3F6E7B55D}"
EndProject
Project("{00D1A9C2-B5F0-4AF3-8072-F6C62B433612}") = "Database", "Database\Database.sqlproj", "{B703A0B9-99E0-4674-BA65-C00E58564564}"
EndProject
Global
	GlobalSection(SolutionConfigurationPlatforms) = preSolution
		Debug|Any CPU = Debug|Any CPU
		Release|Any CPU = Release|Any CPU
	EndGlobalSection
	GlobalSection(ProjectConfigurationPlatforms) = postSolution
		{27176263-10A6-4D77-9084-B7E3F6E7B55D}.Debug|Any CPU.ActiveCfg = Debug|Any CPU
		{27176263-10A6-4D77-9084-B7E3F6E7B55D}.Debug|Any CPU.Build.0 = Debug|Any CPU
		{27176263-10A6-4D77-9084-B7E3F6E7B55D}.Release|Any CPU.ActiveCfg = Release|Any CPU
		{27176263-10A6-4D77-9084-B7E3F6E7B55D}.Release|Any CPU.Build.0 = Release|Any CPU
		{B703A0B9-99E0-4674-BA65-C00E58564564}.Debug|Any CPU.ActiveCfg = Debug|Any CPU
		{B703A0B9-99E0-4674-BA65-C00E58564564}.Debug|Any CPU.Build.0 = Debug|Any CPU
		{B703A0B9-99E0-4674-BA65-C00E58564564}.Debug|Any CPU.Deploy.0 = Debug|Any CPU
		{B703A0B9-99E0-4674-BA65-C00E58564564}.Release|Any CPU.ActiveCfg = Release|Any CPU
		{B703A0B9-99E0-4674-BA65-C00E58564564}.Release|Any CPU.Build.0 = Release|Any CPU
		{B703A0B9-99E0-4674-BA65-C00E58564564}.Release|Any CPU.Deploy.0 = Release|Any CPU
	EndGlobalSection
	GlobalSection(SolutionProperties) = preSolution
		HideSolutionNode = FALSE
	EndGlobalSection
EndGlobal
